
Microsoft Visual Studio Solution File, Format Version 12.00
# Visual Studio Version 17
VisualStudioVersion = 17.5.002.0
MinimumVisualStudioVersion = 10.0.40219.1
Project("{9A19103F-16F7-4668-BE54-9A1E7A4F7556}") = "EnumApp", "EnumApp.csproj", "{B494EDDA-C2DF-48C2-95EB-8AECA6F0A6CD}"
EndProject
Global
	GlobalSection(SolutionConfigurationPlatforms) = preSolution
		Debug|Any CPU = Debug|Any CPU
		Release|Any CPU = Release|Any CPU
	EndGlobalSection
	GlobalSection(ProjectConfigurationPlatforms) = postSolution
		{B494EDDA-C2DF-48C2-95EB-8AECA6F0A6CD}.Debug|Any CPU.ActiveCfg = Debug|Any CPU
		{B494EDDA-C2DF-48C2-95EB-8AECA6F0A6CD}.Debug|Any CPU.Build.0 = Debug|Any CPU
		{B494EDDA-C2DF-48C2-95EB-8AECA6F0A6CD}.Release|Any CPU.ActiveCfg = Release|Any CPU
		{B494EDDA-C2DF-48C2-95EB-8AECA6F0A6CD}.Release|Any CPU.Build.0 = Release|Any CPU
	EndGlobalSection
	GlobalSection(SolutionProperties) = preSolution
		HideSolutionNode = FALSE
	EndGlobalSection
	GlobalSection(ExtensibilityGlobals) = postSolution
		SolutionGuid = {D6FC61C9-61D9-48CF-8093-CD1F1998230F}
	EndGlobalSection
EndGlobal
